// !$*UTF8*$!
{
	archiveVersion = 1;
	classes = {
	};
	objectVersion = 77;
	objects = {

/* Begin PBXBuildFile section */
		6C0D2AEE2E98C1D800849F4C /* AppShareExtension.appex in Embed Foundation Extensions */ = {isa = PBXBuildFile; fileRef = 6C0D2AE42E98C1D800849F4C /* AppShareExtension.appex */; settings = {ATTRIBUTES = (RemoveHeadersOnCopy, ); }; };
		6C18C8D92F148FC800F076FD /* SwiftSoup in Frameworks */ = {isa = PBXBuildFile; productRef = 6C18C8D82F148FC800F076FD /* SwiftSoup */; };
		6C88E2332F3ADF0A00A8D6E2 /* Auth in Frameworks */ = {isa = PBXBuildFile; productRef = 6C88E2322F3ADF0A00A8D6E2 /* Auth */; };
		6C88E2352F3ADF0A00A8D6E2 /* PostgREST in Frameworks */ = {isa = PBXBuildFile; productRef = 6C88E2342F3ADF0A00A8D6E2 /* PostgREST */; };
		6C88E23F2F3AE90C00A8D6E2 /* Supabase in Frameworks */ = {isa = PBXBuildFile; productRef = 6C88E23E2F3AE90C00A8D6E2 /* Supabase */; };
/* End PBXBuildFile section */

/* Begin PBXContainerItemProxy section */
		6C0D2AEC2E98C1D800849F4C /* PBXContainerItemProxy */ = {
			isa = PBXContainerItemProxy;
			containerPortal = 6CD1D46D2DAAF40C00913D5D /* Project object */;
			proxyType = 1;
			remoteGlobalIDString = 6C0D2AE32E98C1D800849F4C;
			remoteInfo = AppShareExtension;
		};
		6CD1D48C2DAAF40E00913D5D /* PBXContainerItemProxy */ = {
			isa = PBXContainerItemProxy;
			containerPortal = 6CD1D46D2DAAF40C00913D5D /* Project object */;
			proxyType = 1;
			remoteGlobalIDString = 6CD1D4742DAAF40C00913D5D;
			remoteInfo = closet;
		};
		6CD1D4962DAAF40E00913D5D /* PBXContainerItemProxy */ = {
			isa = PBXContainerItemProxy;
			containerPortal = 6CD1D46D2DAAF40C00913D5D /* Project object */;
			proxyType = 1;
			remoteGlobalIDString = 6CD1D4742DAAF40C00913D5D;
			remoteInfo = closet;
		};
/* End PBXContainerItemProxy section */

/* Begin PBXCopyFilesBuildPhase section */
		6C0D2AF32E98C1D800849F4C /* Embed Foundation Extensions */ = {
			isa = PBXCopyFilesBuildPhase;
			buildActionMask = 2147483647;
			dstPath = "";
			dstSubfolderSpec = 13;
			files = (
				6C0D2AEE2E98C1D800849F4C /* AppShareExtension.appex in Embed Foundation Extensions */,
			);
			name = "Embed Foundation Extensions";
			runOnlyForDeploymentPostprocessing = 0;
		};
/* End PBXCopyFilesBuildPhase section */

/* Begin PBXFileReference section */
		6C0D2AE42E98C1D800849F4C /* AppShareExtension.appex */ = {isa = PBXFileReference; explicitFileType = "wrapper.app-extension"; includeInIndex = 0; path = AppShareExtension.appex; sourceTree = BUILT_PRODUCTS_DIR; };
		6C18C87A2F148A2800F076FD /* Diffusion.xcodeproj */ = {isa = PBXFileReference; lastKnownFileType = "wrapper.pb-project"; path = Diffusion.xcodeproj; sourceTree = "<group>"; };
		6C6E21502F149DC2009AB47E /* merges.txt */ = {isa = PBXFileReference; lastKnownFileType = text; path = merges.txt; sourceTree = "<group>"; };
		6C6E21512F149DC2009AB47E /* TextEncoder.mlmodelc */ = {isa = PBXFileReference; lastKnownFileType = wrapper; path = TextEncoder.mlmodelc; sourceTree = "<group>"; };
		6C6E21522F149DC2009AB47E /* Unet.mlmodelc */ = {isa = PBXFileReference; lastKnownFileType = wrapper; path = Unet.mlmodelc; sourceTree = "<group>"; };
		6C6E21532F149DC2009AB47E /* VAEDecoder.mlmodelc */ = {isa = PBXFileReference; lastKnownFileType = wrapper; path = VAEDecoder.mlmodelc; sourceTree = "<group>"; };
		6C6E21542F149DC2009AB47E /* VAEEncoder.mlmodelc */ = {isa = PBXFileReference; lastKnownFileType = wrapper; path = VAEEncoder.mlmodelc; sourceTree = "<group>"; };
		6C6E21552F149DC2009AB47E /* vocab.json */ = {isa = PBXFileReference; lastKnownFileType = text.json; path = vocab.json; sourceTree = "<group>"; };
		6C8961492F148FFE0042BD96 /* Diffusion.xcodeproj */ = {isa = PBXFileReference; lastKnownFileType = "wrapper.pb-project"; path = Diffusion.xcodeproj; sourceTree = "<group>"; };
		6CD1D4752DAAF40C00913D5D /* closet.app */ = {isa = PBXFileReference; explicitFileType = wrapper.application; includeInIndex = 0; path = closet.app; sourceTree = BUILT_PRODUCTS_DIR; };
		6CD1D48B2DAAF40E00913D5D /* closetTests.xctest */ = {isa = PBXFileReference; explicitFileType = wrapper.cfbundle; includeInIndex = 0; path = closetTests.xctest; sourceTree = BUILT_PRODUCTS_DIR; };
		6CD1D4952DAAF40E00913D5D /* closetUITests.xctest */ = {isa = PBXFileReference; explicitFileType = wrapper.cfbundle; includeInIndex = 0; path = closetUITests.xctest; sourceTree = BUILT_PRODUCTS_DIR; };
		6CF5734E2F149B5800C2E4AC /* Models */ = {isa = PBXFileReference; lastKnownFileType = folder; path = Models; sourceTree = "<group>"; };
/* End PBXFileReference section */

/* Begin PBXFileSystemSynchronizedBuildFileExceptionSet section */
		6C0D2ADF2E98BC0B00849F4C /* Exceptions for "closet" folder in "closet" target */ = {
			isa = PBXFileSystemSynchronizedBuildFileExceptionSet;
			membershipExceptions = (
				Info.plist,
				"Stable Diffusion/StableDiffusionService.swift",
				"Stable Diffusion/VirtualFittingView.swift",
			);
			target = 6CD1D4742DAAF40C00913D5D /* closet */;
		};
		6C0D2AF22E98C1D800849F4C /* Exceptions for "AppShareExtension" folder in "AppShareExtension" target */ = {
			isa = PBXFileSystemSynchronizedBuildFileExceptionSet;
			membershipExceptions = (
				Info.plist,
			);
			target = 6C0D2AE32E98C1D800849F4C /* AppShareExtension */;
		};
/* End PBXFileSystemSynchronizedBuildFileExceptionSet section */

/* Begin PBXFileSystemSynchronizedRootGroup section */
		6C0D2AE52E98C1D800849F4C /* AppShareExtension */ = {
			isa = PBXFileSystemSynchronizedRootGroup;
			exceptions = (
				6C0D2AF22E98C1D800849F4C /* Exceptions for "AppShareExtension" folder in "AppShareExtension" target */,
			);
			path = AppShareExtension;
			sourceTree = "<group>";
		};
		6CD1D4772DAAF40C00913D5D /* closet */ = {
			isa = PBXFileSystemSynchronizedRootGroup;
			exceptions = (
				6C0D2ADF2E98BC0B00849F4C /* Exceptions for "closet" folder in "closet" target */,
			);
			path = closet;
			sourceTree = "<group>";
		};
		6CD1D48E2DAAF40E00913D5D /* closetTests */ = {
			isa = PBXFileSystemSynchronizedRootGroup;
			path = closetTests;
			sourceTree = "<group>";
		};
		6CD1D4982DAAF40E00913D5D /* closetUITests */ = {
			isa = PBXFileSystemSynchronizedRootGroup;
			path = closetUITests;
			sourceTree = "<group>";
		};
/* End PBXFileSystemSynchronizedRootGroup section */

/* Begin PBXFrameworksBuildPhase section */
		6C0D2AE12E98C1D800849F4C /* Frameworks */ = {
			isa = PBXFrameworksBuildPhase;
			buildActionMask = 2147483647;
			files = (
			);
			runOnlyForDeploymentPostprocessing = 0;
		};
		6CD1D4722DAAF40C00913D5D /* Frameworks */ = {
			isa = PBXFrameworksBuildPhase;
			buildActionMask = 2147483647;
			files = (
				6C88E23F2F3AE90C00A8D6E2 /* Supabase in Frameworks */,
				6C88E2352F3ADF0A00A8D6E2 /* PostgREST in Frameworks */,
				6C18C8D92F148FC800F076FD /* SwiftSoup in Frameworks */,
				6C88E2332F3ADF0A00A8D6E2 /* Auth in Frameworks */,
			);
			runOnlyForDeploymentPostprocessing = 0;
		};
		6CD1D4882DAAF40E00913D5D /* Frameworks */ = {
			isa = PBXFrameworksBuildPhase;
			buildActionMask = 2147483647;
			files = (
			);
			runOnlyForDeploymentPostprocessing = 0;
		};
		6CD1D4922DAAF40E00913D5D /* Frameworks */ = {
			isa = PBXFrameworksBuildPhase;
			buildActionMask = 2147483647;
			files = (
			);
			runOnlyForDeploymentPostprocessing = 0;
		};
/* End PBXFrameworksBuildPhase section */

/* Begin PBXGroup section */
		6C18C87C2F148A2800F076FD /* Products */ = {
			isa = PBXGroup;
			children = (
			);
			name = Products;
			sourceTree = "<group>";
		};
		6C6E21562F149DC2009AB47E /* Models */ = {
			isa = PBXGroup;
			children = (
				6C6E21502F149DC2009AB47E /* merges.txt */,
				6C6E21512F149DC2009AB47E /* TextEncoder.mlmodelc */,
				6C6E21522F149DC2009AB47E /* Unet.mlmodelc */,
				6C6E21532F149DC2009AB47E /* VAEDecoder.mlmodelc */,
				6C6E21542F149DC2009AB47E /* VAEEncoder.mlmodelc */,
				6C6E21552F149DC2009AB47E /* vocab.json */,
			);
			path = Models;
			sourceTree = "<group>";
		};
		6C8961572F148FFE0042BD96 /* Products */ = {
			isa = PBXGroup;
			children = (
			);
			name = Products;
			sourceTree = "<group>";
		};
		6CD1D46C2DAAF40C00913D5D = {
			isa = PBXGroup;
			children = (
				6CF5734E2F149B5800C2E4AC /* Models */,
				6C6E21562F149DC2009AB47E /* Models */,
				6CD1D4772DAAF40C00913D5D /* closet */,
				6CD1D48E2DAAF40E00913D5D /* closetTests */,
				6CD1D4982DAAF40E00913D5D /* closetUITests */,
				6C0D2AE52E98C1D800849F4C /* AppShareExtension */,
				6CF5733F2F149AD900C2E4AC /* Frameworks */,
				6CD1D4762DAAF40C00913D5D /* Products */,
			);
			sourceTree = "<group>";
		};
		6CD1D4762DAAF40C00913D5D /* Products */ = {
			isa = PBXGroup;
			children = (
				6CD1D4752DAAF40C00913D5D /* closet.app */,
				6CD1D48B2DAAF40E00913D5D /* closetTests.xctest */,
				6CD1D4952DAAF40E00913D5D /* closetUITests.xctest */,
				6C0D2AE42E98C1D800849F4C /* AppShareExtension.appex */,
			);
			name = Products;
			sourceTree = "<group>";
		};
		6CF5733F2F149AD900C2E4AC /* Frameworks */ = {
			isa = PBXGroup;
			children = (
			);
			name = Frameworks;
			sourceTree = "<group>";
		};
/* End PBXGroup section */

/* Begin PBXNativeTarget section */
		6C0D2AE32E98C1D800849F4C /* AppShareExtension */ = {
			isa = PBXNativeTarget;
			buildConfigurationList = 6C0D2AEF2E98C1D800849F4C /* Build configuration list for PBXNativeTarget "AppShareExtension" */;
			buildPhases = (
				6C0D2AE02E98C1D800849F4C /* Sources */,
				6C0D2AE12E98C1D800849F4C /* Frameworks */,
				6C0D2AE22E98C1D800849F4C /* Resources */,
			);
			buildRules = (
			);
			dependencies = (
			);
			fileSystemSynchronizedGroups = (
				6C0D2AE52E98C1D800849F4C /* AppShareExtension */,
			);
			name = AppShareExtension;
			packageProductDependencies = (
			);
			productName = AppShareExtension;
			productReference = 6C0D2AE42E98C1D800849F4C /* AppShareExtension.appex */;
			productType = "com.apple.product-type.app-extension";
		};
		6CD1D4742DAAF40C00913D5D /* closet */ = {
			isa = PBXNativeTarget;
			buildConfigurationList = 6CD1D49F2DAAF40E00913D5D /* Build configuration list for PBXNativeTarget "closet" */;
			buildPhases = (
				6CD1D4712DAAF40C00913D5D /* Sources */,
				6CD1D4722DAAF40C00913D5D /* Frameworks */,
				6CD1D4732DAAF40C00913D5D /* Resources */,
				6C0D2AF32E98C1D800849F4C /* Embed Foundation Extensions */,
			);
			buildRules = (
			);
			dependencies = (
				6C88E23D2F3AE48700A8D6E2 /* PBXTargetDependency */,
				6CF573312F1499A200C2E4AC /* PBXTargetDependency */,
				6C0D2AED2E98C1D800849F4C /* PBXTargetDependency */,
			);
			fileSystemSynchronizedGroups = (
				6CD1D4772DAAF40C00913D5D /* closet */,
			);
			name = closet;
			packageProductDependencies = (
				6C18C8D82F148FC800F076FD /* SwiftSoup */,
				6C88E2322F3ADF0A00A8D6E2 /* Auth */,
				6C88E2342F3ADF0A00A8D6E2 /* PostgREST */,
				6C88E23E2F3AE90C00A8D6E2 /* Supabase */,
			);
			productName = closet;
			productReference = 6CD1D4752DAAF40C00913D5D /* closet.app */;
			productType = "com.apple.product-type.application";
		};
		6CD1D48A2DAAF40E00913D5D /* closetTests */ = {
			isa = PBXNativeTarget;
			buildConfigurationList = 6CD1D4A22DAAF40E00913D5D /* Build configuration list for PBXNativeTarget "closetTests" */;
			buildPhases = (
				6CD1D4872DAAF40E00913D5D /* Sources */,
				6CD1D4882DAAF40E00913D5D /* Frameworks */,
				6CD1D4892DAAF40E00913D5D /* Resources */,
			);
			buildRules = (
			);
			dependencies = (
				6CD1D48D2DAAF40E00913D5D /* PBXTargetDependency */,
			);
			fileSystemSynchronizedGroups = (
				6CD1D48E2DAAF40E00913D5D /* closetTests */,
			);
			name = closetTests;
			packageProductDependencies = (
			);
			productName = closetTests;
			productReference = 6CD1D48B2DAAF40E00913D5D /* closetTests.xctest */;
			productType = "com.apple.product-type.bundle.unit-test";
		};
		6CD1D4942DAAF40E00913D5D /* closetUITests */ = {
			isa = PBXNativeTarget;
			buildConfigurationList = 6CD1D4A52DAAF40E00913D5D /* Build configuration list for PBXNativeTarget "closetUITests" */;
			buildPhases = (
				6CD1D4912DAAF40E00913D5D /* Sources */,
				6CD1D4922DAAF40E00913D5D /* Frameworks */,
				6CD1D4932DAAF40E00913D5D /* Resources */,
			);
			buildRules = (
			);
			dependencies = (
				6CD1D4972DAAF40E00913D5D /* PBXTargetDependency */,
			);
			fileSystemSynchronizedGroups = (
				6CD1D4982DAAF40E00913D5D /* closetUITests */,
			);
			name = closetUITests;
			packageProductDependencies = (
			);
			productName = closetUITests;
			productReference = 6CD1D4952DAAF40E00913D5D /* closetUITests.xctest */;
			productType = "com.apple.product-type.bundle.ui-testing";
		};
/* End PBXNativeTarget section */

/* Begin PBXProject section */
		6CD1D46D2DAAF40C00913D5D /* Project object */ = {
			isa = PBXProject;
			attributes = {
				BuildIndependentTargetsInParallel = 1;
				LastSwiftUpdateCheck = 1640;
				LastUpgradeCheck = 1620;
				TargetAttributes = {
					6C0D2AE32E98C1D800849F4C = {
						CreatedOnToolsVersion = 16.4;
					};
					6CD1D4742DAAF40C00913D5D = {
						CreatedOnToolsVersion = 16.2;
					};
					6CD1D48A2DAAF40E00913D5D = {
						CreatedOnToolsVersion = 16.2;
						TestTargetID = 6CD1D4742DAAF40C00913D5D;
					};
					6CD1D4942DAAF40E00913D5D = {
						CreatedOnToolsVersion = 16.2;
						TestTargetID = 6CD1D4742DAAF40C00913D5D;
					};
				};
			};
			buildConfigurationList = 6CD1D4702DAAF40C00913D5D /* Build configuration list for PBXProject "closet" */;
			developmentRegion = en;
			hasScannedForEncodings = 0;
			knownRegions = (
				en,
				Base,
			);
			mainGroup = 6CD1D46C2DAAF40C00913D5D;
			minimizedProjectReferenceProxies = 1;
			packageReferences = (
				6C18C8D72F148FC800F076FD /* XCRemoteSwiftPackageReference "SwiftSoup" */,
				6C88E2312F3ADF0A00A8D6E2 /* XCRemoteSwiftPackageReference "supabase-swift" */,
			);
			preferredProjectObjectVersion = 77;
			productRefGroup = 6CD1D4762DAAF40C00913D5D /* Products */;
			projectDirPath = "";
			projectReferences = (
				{
					ProductGroup = 6C18C87C2F148A2800F076FD /* Products */;
					ProjectRef = 6C18C87A2F148A2800F076FD /* Diffusion.xcodeproj */;
				},
				{
					ProductGroup = 6C8961572F148FFE0042BD96 /* Products */;
					ProjectRef = 6C8961492F148FFE0042BD96 /* Diffusion.xcodeproj */;
				},
			);
			projectRoot = "";
			targets = (
				6CD1D4742DAAF40C00913D5D /* closet */,
				6CD1D48A2DAAF40E00913D5D /* closetTests */,
				6CD1D4942DAAF40E00913D5D /* closetUITests */,
				6C0D2AE32E98C1D800849F4C /* AppShareExtension */,
			);
		};
/* End PBXProject section */

/* Begin PBXResourcesBuildPhase section */
		6C0D2AE22E98C1D800849F4C /* Resources */ = {
			isa = PBXResourcesBuildPhase;
			buildActionMask = 2147483647;
			files = (
			);
			runOnlyForDeploymentPostprocessing = 0;
		};
		6CD1D4732DAAF40C00913D5D /* Resources */ = {
			isa = PBXResourcesBuildPhase;
			buildActionMask = 2147483647;
			files = (
			);
			runOnlyForDeploymentPostprocessing = 0;
		};
		6CD1D4892DAAF40E00913D5D /* Resources */ = {
			isa = PBXResourcesBuildPhase;
			buildActionMask = 2147483647;
			files = (
			);
			runOnlyForDeploymentPostprocessing = 0;
		};
		6CD1D4932DAAF40E00913D5D /* Resources */ = {
			isa = PBXResourcesBuildPhase;
			buildActionMask = 2147483647;
			files = (
			);
			runOnlyForDeploymentPostprocessing = 0;
		};
/* End PBXResourcesBuildPhase section */

/* Begin PBXSourcesBuildPhase section */
		6C0D2AE02E98C1D800849F4C /* Sources */ = {
			isa = PBXSourcesBuildPhase;
			buildActionMask = 2147483647;
			files = (
			);
			runOnlyForDeploymentPostprocessing = 0;
		};
		6CD1D4712DAAF40C00913D5D /* Sources */ = {
			isa = PBXSourcesBuildPhase;
			buildActionMask = 2147483647;
			files = (
			);
			runOnlyForDeploymentPostprocessing = 0;
		};
		6CD1D4872DAAF40E00913D5D /* Sources */ = {
			isa = PBXSourcesBuildPhase;
			buildActionMask = 2147483647;
			files = (
			);
			runOnlyForDeploymentPostprocessing = 0;
		};
		6CD1D4912DAAF40E00913D5D /* Sources */ = {
			isa = PBXSourcesBuildPhase;
			buildActionMask = 2147483647;
			files = (
			);
			runOnlyForDeploymentPostprocessing = 0;
		};
/* End PBXSourcesBuildPhase section */

/* Begin PBXTargetDependency section */
		6C0D2AED2E98C1D800849F4C /* PBXTargetDependency */ = {
			isa = PBXTargetDependency;
			target = 6C0D2AE32E98C1D800849F4C /* AppShareExtension */;
			targetProxy = 6C0D2AEC2E98C1D800849F4C /* PBXContainerItemProxy */;
		};
		6C88E23D2F3AE48700A8D6E2 /* PBXTargetDependency */ = {
			isa = PBXTargetDependency;
			productRef = 6C88E23C2F3AE48700A8D6E2 /* Supabase */;
		};
		6CD1D48D2DAAF40E00913D5D /* PBXTargetDependency */ = {
			isa = PBXTargetDependency;
			target = 6CD1D4742DAAF40C00913D5D /* closet */;
			targetProxy = 6CD1D48C2DAAF40E00913D5D /* PBXContainerItemProxy */;
		};
		6CD1D4972DAAF40E00913D5D /* PBXTargetDependency */ = {
			isa = PBXTargetDependency;
			target = 6CD1D4742DAAF40C00913D5D /* closet */;
			targetProxy = 6CD1D4962DAAF40E00913D5D /* PBXContainerItemProxy */;
		};
		6CF573312F1499A200C2E4AC /* PBXTargetDependency */ = {
			isa = PBXTargetDependency;
			productRef = 6CF573302F1499A200C2E4AC /* SwiftSoup */;
		};
/* End PBXTargetDependency section */

/* Begin XCBuildConfiguration section */
		6C0D2AF02E98C1D800849F4C /* Debug */ = {
			isa = XCBuildConfiguration;
			buildSettings = {
				CODE_SIGN_STYLE = Automatic;
				CURRENT_PROJECT_VERSION = 1;
				DEVELOPMENT_TEAM = 98S75SX3J9;
				GENERATE_INFOPLIST_FILE = YES;
				INFOPLIST_FILE = AppShareExtension/Info.plist;
				INFOPLIST_KEY_CFBundleDisplayName = Closet;
				INFOPLIST_KEY_NSHumanReadableCopyright = "";
				IPHONEOS_DEPLOYMENT_TARGET = 17.6;
				LD_RUNPATH_SEARCH_PATHS = (
					"$(inherited)",
					"@executable_path/Frameworks",
					"@executable_path/../../Frameworks",
				);
				MARKETING_VERSION = 1.0;
				PRODUCT_BUNDLE_IDENTIFIER = rytecode.closet.AppShareExtension;
				PRODUCT_NAME = "$(TARGET_NAME)";
				SDKROOT = iphoneos;
				SKIP_INSTALL = YES;
				SWIFT_EMIT_LOC_STRINGS = YES;
				SWIFT_VERSION = 5.0;
				TARGETED_DEVICE_FAMILY = "1,2";
			};
			name = Debug;
		};
		6C0D2AF12E98C1D800849F4C /* Release */ = {
			isa = XCBuildConfiguration;
			buildSettings = {
				CODE_SIGN_STYLE = Automatic;
				CURRENT_PROJECT_VERSION = 1;
				DEVELOPMENT_TEAM = 98S75SX3J9;
				GENERATE_INFOPLIST_FILE = YES;
				INFOPLIST_FILE = AppShareExtension/Info.plist;
				INFOPLIST_KEY_CFBundleDisplayName = Closet;
				INFOPLIST_KEY_NSHumanReadableCopyright = "";
				IPHONEOS_DEPLOYMENT_TARGET = 17.6;
				LD_RUNPATH_SEARCH_PATHS = (
					"$(inherited)",
					"@executable_path/Frameworks",
					"@executable_path/../../Frameworks",
				);
				MARKETING_VERSION = 1.0;
				PRODUCT_BUNDLE_IDENTIFIER = rytecode.closet.AppShareExtension;
				PRODUCT_NAME = "$(TARGET_NAME)";
				SDKROOT = iphoneos;
				SKIP_INSTALL = YES;
				SWIFT_EMIT_LOC_STRINGS = YES;
				SWIFT_VERSION = 5.0;
				TARGETED_DEVICE_FAMILY = "1,2";
				VALIDATE_PRODUCT = YES;
			};
			name = Release;
		};
		6CD1D49D2DAAF40E00913D5D /* Debug */ = {
			isa = XCBuildConfiguration;
			buildSettings = {
				ALWAYS_SEARCH_USER_PATHS = NO;
				ASSETCATALOG_COMPILER_GENERATE_SWIFT_ASSET_SYMBOL_EXTENSIONS = YES;
				CLANG_ANALYZER_NONNULL = YES;
				CLANG_ANALYZER_NUMBER_OBJECT_CONVERSION = YES_AGGRESSIVE;
				CLANG_CXX_LANGUAGE_STANDARD = "gnu++20";
				CLANG_ENABLE_MODULES = YES;
				CLANG_ENABLE_OBJC_ARC = YES;
				CLANG_ENABLE_OBJC_WEAK = YES;
				CLANG_WARN_BLOCK_CAPTURE_AUTORELEASING = YES;
				CLANG_WARN_BOOL_CONVERSION = YES;
				CLANG_WARN_COMMA = YES;
				CLANG_WARN_CONSTANT_CONVERSION = YES;
				CLANG_WARN_DEPRECATED_OBJC_IMPLEMENTATIONS = YES;
				CLANG_WARN_DIRECT_OBJC_ISA_USAGE = YES_ERROR;
				CLANG_WARN_DOCUMENTATION_COMMENTS = YES;
				CLANG_WARN_EMPTY_BODY = YES;
				CLANG_WARN_ENUM_CONVERSION = YES;
				CLANG_WARN_INFINITE_RECURSION = YES;
				CLANG_WARN_INT_CONVERSION = YES;
				CLANG_WARN_NON_LITERAL_NULL_CONVERSION = YES;
				CLANG_WARN_OBJC_IMPLICIT_RETAIN_SELF = YES;
				CLANG_WARN_OBJC_LITERAL_CONVERSION = YES;
				CLANG_WARN_OBJC_ROOT_CLASS = YES_ERROR;
				CLANG_WARN_QUOTED_INCLUDE_IN_FRAMEWORK_HEADER = YES;
				CLANG_WARN_RANGE_LOOP_ANALYSIS = YES;
				CLANG_WARN_STRICT_PROTOTYPES = YES;
				CLANG_WARN_SUSPICIOUS_MOVE = YES;
				CLANG_WARN_UNGUARDED_AVAILABILITY = YES_AGGRESSIVE;
				CLANG_WARN_UNREACHABLE_CODE = YES;
				CLANG_WARN__DUPLICATE_METHOD_MATCH = YES;
				COPY_PHASE_STRIP = NO;
				DEBUG_INFORMATION_FORMAT = dwarf;
				ENABLE_STRICT_OBJC_MSGSEND = YES;
				ENABLE_TESTABILITY = YES;
				ENABLE_USER_SCRIPT_SANDBOXING = YES;
				GCC_C_LANGUAGE_STANDARD = gnu17;
				GCC_DYNAMIC_NO_PIC = NO;
				GCC_NO_COMMON_BLOCKS = YES;
				GCC_OPTIMIZATION_LEVEL = 0;
				GCC_PREPROCESSOR_DEFINITIONS = (
					"DEBUG=1",
					"$(inherited)",
				);
				GCC_WARN_64_TO_32_BIT_CONVERSION = YES;
				GCC_WARN_ABOUT_RETURN_TYPE = YES_ERROR;
				GCC_WARN_UNDECLARED_SELECTOR = YES;
				GCC_WARN_UNINITIALIZED_AUTOS = YES_AGGRESSIVE;
				GCC_WARN_UNUSED_FUNCTION = YES;
				GCC_WARN_UNUSED_VARIABLE = YES;
				LOCALIZATION_PREFERS_STRING_CATALOGS = YES;
				MTL_ENABLE_DEBUG_INFO = INCLUDE_SOURCE;
				MTL_FAST_MATH = YES;
				ONLY_ACTIVE_ARCH = YES;
				SWIFT_ACTIVE_COMPILATION_CONDITIONS = "DEBUG $(inherited)";
				SWIFT_OPTIMIZATION_LEVEL = "-Onone";
			};
			name = Debug;
		};
		6CD1D49E2DAAF40E00913D5D /* Release */ = {
			isa = XCBuildConfiguration;
			buildSettings = {
				ALWAYS_SEARCH_USER_PATHS = NO;
				ASSETCATALOG_COMPILER_GENERATE_SWIFT_ASSET_SYMBOL_EXTENSIONS = YES;
				CLANG_ANALYZER_NONNULL = YES;
				CLANG_ANALYZER_NUMBER_OBJECT_CONVERSION = YES_AGGRESSIVE;
				CLANG_CXX_LANGUAGE_STANDARD = "gnu++20";
				CLANG_ENABLE_MODULES = YES;
				CLANG_ENABLE_OBJC_ARC = YES;
				CLANG_ENABLE_OBJC_WEAK = YES;
				CLANG_WARN_BLOCK_CAPTURE_AUTORELEASING = YES;
				CLANG_WARN_BOOL_CONVERSION = YES;
				CLANG_WARN_COMMA = YES;
				CLANG_WARN_CONSTANT_CONVERSION = YES;
				CLANG_WARN_DEPRECATED_OBJC_IMPLEMENTATIONS = YES;
				CLANG_WARN_DIRECT_OBJC_ISA_USAGE = YES_ERROR;
				CLANG_WARN_DOCUMENTATION_COMMENTS = YES;
				CLANG_WARN_EMPTY_BODY = YES;
				CLANG_WARN_ENUM_CONVERSION = YES;
				CLANG_WARN_INFINITE_RECURSION = YES;
				CLANG_WARN_INT_CONVERSION = YES;
				CLANG_WARN_NON_LITERAL_NULL_CONVERSION = YES;
				CLANG_WARN_OBJC_IMPLICIT_RETAIN_SELF = YES;
				CLANG_WARN_OBJC_LITERAL_CONVERSION = YES;
				CLANG_WARN_OBJC_ROOT_CLASS = YES_ERROR;
				CLANG_WARN_QUOTED_INCLUDE_IN_FRAMEWORK_HEADER = YES;
				CLANG_WARN_RANGE_LOOP_ANALYSIS = YES;
				CLANG_WARN_STRICT_PROTOTYPES = YES;
				CLANG_WARN_SUSPICIOUS_MOVE = YES;
				CLANG_WARN_UNGUARDED_AVAILABILITY = YES_AGGRESSIVE;
				CLANG_WARN_UNREACHABLE_CODE = YES;
				CLANG_WARN__DUPLICATE_METHOD_MATCH = YES;
				COPY_PHASE_STRIP = NO;
				DEBUG_INFORMATION_FORMAT = "dwarf-with-dsym";
				ENABLE_NS_ASSERTIONS = NO;
				ENABLE_STRICT_OBJC_MSGSEND = YES;
				ENABLE_USER_SCRIPT_SANDBOXING = YES;
				GCC_C_LANGUAGE_STANDARD = gnu17;
				GCC_NO_COMMON_BLOCKS = YES;
				GCC_WARN_64_TO_32_BIT_CONVERSION = YES;
				GCC_WARN_ABOUT_RETURN_TYPE = YES_ERROR;
				GCC_WARN_UNDECLARED_SELECTOR = YES;
				GCC_WARN_UNINITIALIZED_AUTOS = YES_AGGRESSIVE;
				GCC_WARN_UNUSED_FUNCTION = YES;
				GCC_WARN_UNUSED_VARIABLE = YES;
				LOCALIZATION_PREFERS_STRING_CATALOGS = YES;
				MTL_ENABLE_DEBUG_INFO = NO;
				MTL_FAST_MATH = YES;
				SWIFT_COMPILATION_MODE = wholemodule;
			};
			name = Release;
		};
		6CD1D4A02DAAF40E00913D5D /* Debug */ = {
			isa = XCBuildConfiguration;
			buildSettings = {
				ASSETCATALOG_COMPILER_APPICON_NAME = AppIcon;
				ASSETCATALOG_COMPILER_GLOBAL_ACCENT_COLOR_NAME = AccentColor;
				CODE_SIGN_ENTITLEMENTS = closet/closet.entitlements;
				CODE_SIGN_STYLE = Automatic;
				CURRENT_PROJECT_VERSION = 1;
				DEVELOPMENT_ASSET_PATHS = "\"closet/Preview Content\"";
				DEVELOPMENT_TEAM = 98S75SX3J9;
				ENABLE_HARDENED_RUNTIME = YES;
				ENABLE_PREVIEWS = YES;
				GENERATE_INFOPLIST_FILE = YES;
				INFOPLIST_FILE = closet/Info.plist;
				INFOPLIST_KEY_CFBundleDisplayName = Redress;
				INFOPLIST_KEY_LSApplicationCategoryType = "public.app-category.lifestyle";
				INFOPLIST_KEY_NSCameraUsageDescription = "Allow user to take photos of their closet items to directly upload";
				"INFOPLIST_KEY_UIApplicationSceneManifest_Generation[sdk=iphoneos*]" = YES;
				"INFOPLIST_KEY_UIApplicationSceneManifest_Generation[sdk=iphonesimulator*]" = YES;
				"INFOPLIST_KEY_UIApplicationSupportsIndirectInputEvents[sdk=iphoneos*]" = YES;
				"INFOPLIST_KEY_UIApplicationSupportsIndirectInputEvents[sdk=iphonesimulator*]" = YES;
				"INFOPLIST_KEY_UILaunchScreen_Generation[sdk=iphoneos*]" = YES;
				"INFOPLIST_KEY_UILaunchScreen_Generation[sdk=iphonesimulator*]" = YES;
				"INFOPLIST_KEY_UIStatusBarStyle[sdk=iphoneos*]" = UIStatusBarStyleDefault;
				"INFOPLIST_KEY_UIStatusBarStyle[sdk=iphonesimulator*]" = UIStatusBarStyleDefault;
				INFOPLIST_KEY_UISupportedInterfaceOrientations_iPad = "UIInterfaceOrientationPortrait UIInterfaceOrientationPortraitUpsideDown UIInterfaceOrientationLandscapeLeft UIInterfaceOrientationLandscapeRight";
				INFOPLIST_KEY_UISupportedInterfaceOrientations_iPhone = "UIInterfaceOrientationPortrait UIInterfaceOrientationLandscapeLeft UIInterfaceOrientationLandscapeRight";
				IPHONEOS_DEPLOYMENT_TARGET = 17.6;
				LD_RUNPATH_SEARCH_PATHS = "@executable_path/Frameworks";
				"LD_RUNPATH_SEARCH_PATHS[sdk=macosx*]" = "@executable_path/../Frameworks";
				MACOSX_DEPLOYMENT_TARGET = 15.2;
				MARKETING_VERSION = 1.0;
				NEW_SETTING = "";
				PRODUCT_BUNDLE_IDENTIFIER = rytecode.closet;
				PRODUCT_NAME = "$(TARGET_NAME)";
				SDKROOT = auto;
				SUPPORTED_PLATFORMS = "iphoneos iphonesimulator macosx xros xrsimulator";
				SWIFT_EMIT_LOC_STRINGS = YES;
				SWIFT_VERSION = 5.0;
				TARGETED_DEVICE_FAMILY = "1,2,7";
				XROS_DEPLOYMENT_TARGET = 2.2;
			};
			name = Debug;
		};
		6CD1D4A12DAAF40E00913D5D /* Release */ = {
			isa = XCBuildConfiguration;
			buildSettings = {
				ASSETCATALOG_COMPILER_APPICON_NAME = AppIcon;
				ASSETCATALOG_COMPILER_GLOBAL_ACCENT_COLOR_NAME = AccentColor;
				CODE_SIGN_ENTITLEMENTS = closet/closet.entitlements;
				CODE_SIGN_STYLE = Automatic;
				CURRENT_PROJECT_VERSION = 1;
				DEVELOPMENT_ASSET_PATHS = "\"closet/Preview Content\"";
				DEVELOPMENT_TEAM = 98S75SX3J9;
				ENABLE_HARDENED_RUNTIME = YES;
				ENABLE_PREVIEWS = YES;
				GENERATE_INFOPLIST_FILE = YES;
				INFOPLIST_FILE = closet/Info.plist;
				INFOPLIST_KEY_CFBundleDisplayName = Redress;
				INFOPLIST_KEY_LSApplicationCategoryType = "public.app-category.lifestyle";
				INFOPLIST_KEY_NSCameraUsageDescription = "Allow user to take photos of their closet items to directly upload";
				"INFOPLIST_KEY_UIApplicationSceneManifest_Generation[sdk=iphoneos*]" = YES;
				"INFOPLIST_KEY_UIApplicationSceneManifest_Generation[sdk=iphonesimulator*]" = YES;
				"INFOPLIST_KEY_UIApplicationSupportsIndirectInputEvents[sdk=iphoneos*]" = YES;
				"INFOPLIST_KEY_UIApplicationSupportsIndirectInputEvents[sdk=iphonesimulator*]" = YES;
				"INFOPLIST_KEY_UILaunchScreen_Generation[sdk=iphoneos*]" = YES;
				"INFOPLIST_KEY_UILaunchScreen_Generation[sdk=iphonesimulator*]" = YES;
				"INFOPLIST_KEY_UIStatusBarStyle[sdk=iphoneos*]" = UIStatusBarStyleDefault;
				"INFOPLIST_KEY_UIStatusBarStyle[sdk=iphonesimulator*]" = UIStatusBarStyleDefault;
				INFOPLIST_KEY_UISupportedInterfaceOrientations_iPad = "UIInterfaceOrientationPortrait UIInterfaceOrientationPortraitUpsideDown UIInterfaceOrientationLandscapeLeft UIInterfaceOrientationLandscapeRight";
				INFOPLIST_KEY_UISupportedInterfaceOrientations_iPhone = "UIInterfaceOrientationPortrait UIInterfaceOrientationLandscapeLeft UIInterfaceOrientationLandscapeRight";
				IPHONEOS_DEPLOYMENT_TARGET = 17.6;
				LD_RUNPATH_SEARCH_PATHS = "@executable_path/Frameworks";
				"LD_RUNPATH_SEARCH_PATHS[sdk=macosx*]" = "@executable_path/../Frameworks";
				MACOSX_DEPLOYMENT_TARGET = 15.2;
				MARKETING_VERSION = 1.0;
				NEW_SETTING = "";
				PRODUCT_BUNDLE_IDENTIFIER = rytecode.closet;
				PRODUCT_NAME = "$(TARGET_NAME)";
				SDKROOT = auto;
				SUPPORTED_PLATFORMS = "iphoneos iphonesimulator macosx xros xrsimulator";
				SWIFT_EMIT_LOC_STRINGS = YES;
				SWIFT_VERSION = 5.0;
				TARGETED_DEVICE_FAMILY = "1,2,7";
				XROS_DEPLOYMENT_TARGET = 2.2;
			};
			name = Release;
		};
		6CD1D4A32DAAF40E00913D5D /* Debug */ = {
			isa = XCBuildConfiguration;
			buildSettings = {
				BUNDLE_LOADER = "$(TEST_HOST)";
				CODE_SIGN_STYLE = Automatic;
				CURRENT_PROJECT_VERSION = 1;
				DEVELOPMENT_TEAM = 98S75SX3J9;
				GENERATE_INFOPLIST_FILE = YES;
				IPHONEOS_DEPLOYMENT_TARGET = 18.2;
				MACOSX_DEPLOYMENT_TARGET = 15.2;
				MARKETING_VERSION = 1.0;
				PRODUCT_BUNDLE_IDENTIFIER = rytecode.closetTests;
				PRODUCT_NAME = "$(TARGET_NAME)";
				SDKROOT = auto;
				SUPPORTED_PLATFORMS = "iphoneos iphonesimulator macosx xros xrsimulator";
				SWIFT_EMIT_LOC_STRINGS = NO;
				SWIFT_VERSION = 5.0;
				TARGETED_DEVICE_FAMILY = "1,2,7";
				TEST_HOST = "$(BUILT_PRODUCTS_DIR)/closet.app/$(BUNDLE_EXECUTABLE_FOLDER_PATH)/closet";
				XROS_DEPLOYMENT_TARGET = 2.2;
			};
			name = Debug;
		};
		6CD1D4A42DAAF40E00913D5D /* Release */ = {
			isa = XCBuildConfiguration;
			buildSettings = {
				BUNDLE_LOADER = "$(TEST_HOST)";
				CODE_SIGN_STYLE = Automatic;
				CURRENT_PROJECT_VERSION = 1;
				DEVELOPMENT_TEAM = 98S75SX3J9;
				GENERATE_INFOPLIST_FILE = YES;
				IPHONEOS_DEPLOYMENT_TARGET = 18.2;
				MACOSX_DEPLOYMENT_TARGET = 15.2;
				MARKETING_VERSION = 1.0;
				PRODUCT_BUNDLE_IDENTIFIER = rytecode.closetTests;
				PRODUCT_NAME = "$(TARGET_NAME)";
				SDKROOT = auto;
				SUPPORTED_PLATFORMS = "iphoneos iphonesimulator macosx xros xrsimulator";
				SWIFT_EMIT_LOC_STRINGS = NO;
				SWIFT_VERSION = 5.0;
				TARGETED_DEVICE_FAMILY = "1,2,7";
				TEST_HOST = "$(BUILT_PRODUCTS_DIR)/closet.app/$(BUNDLE_EXECUTABLE_FOLDER_PATH)/closet";
				XROS_DEPLOYMENT_TARGET = 2.2;
			};
			name = Release;
		};
		6CD1D4A62DAAF40E00913D5D /* Debug */ = {
			isa = XCBuildConfiguration;
			buildSettings = {
				CODE_SIGN_STYLE = Automatic;
				CURRENT_PROJECT_VERSION = 1;
				DEVELOPMENT_TEAM = 98S75SX3J9;
				GENERATE_INFOPLIST_FILE = YES;
				IPHONEOS_DEPLOYMENT_TARGET = 18.2;
				MACOSX_DEPLOYMENT_TARGET = 15.2;
				MARKETING_VERSION = 1.0;
				PRODUCT_BUNDLE_IDENTIFIER = rytecode.closetUITests;
				PRODUCT_NAME = "$(TARGET_NAME)";
				SDKROOT = auto;
				SUPPORTED_PLATFORMS = "iphoneos iphonesimulator macosx xros xrsimulator";
				SWIFT_EMIT_LOC_STRINGS = NO;
				SWIFT_VERSION = 5.0;
				TARGETED_DEVICE_FAMILY = "1,2,7";
				TEST_TARGET_NAME = closet;
				XROS_DEPLOYMENT_TARGET = 2.2;
			};
			name = Debug;
		};
		6CD1D4A72DAAF40E00913D5D /* Release */ = {
			isa = XCBuildConfiguration;
			buildSettings = {
				CODE_SIGN_STYLE = Automatic;
				CURRENT_PROJECT_VERSION = 1;
				DEVELOPMENT_TEAM = 98S75SX3J9;
				GENERATE_INFOPLIST_FILE = YES;
				IPHONEOS_DEPLOYMENT_TARGET = 18.2;
				MACOSX_DEPLOYMENT_TARGET = 15.2;
				MARKETING_VERSION = 1.0;
				PRODUCT_BUNDLE_IDENTIFIER = rytecode.closetUITests;
				PRODUCT_NAME = "$(TARGET_NAME)";
				SDKROOT = auto;
				SUPPORTED_PLATFORMS = "iphoneos iphonesimulator macosx xros xrsimulator";
				SWIFT_EMIT_LOC_STRINGS = NO;
				SWIFT_VERSION = 5.0;
				TARGETED_DEVICE_FAMILY = "1,2,7";
				TEST_TARGET_NAME = closet;
				XROS_DEPLOYMENT_TARGET = 2.2;
			};
			name = Release;
		};
/* End XCBuildConfiguration section */

/* Begin XCConfigurationList section */
		6C0D2AEF2E98C1D800849F4C /* Build configuration list for PBXNativeTarget "AppShareExtension" */ = {
			isa = XCConfigurationList;
			buildConfigurations = (
				6C0D2AF02E98C1D800849F4C /* Debug */,
				6C0D2AF12E98C1D800849F4C /* Release */,
			);
			defaultConfigurationIsVisible = 0;
			defaultConfigurationName = Release;
		};
		6CD1D4702DAAF40C00913D5D /* Build configuration list for PBXProject "closet" */ = {
			isa = XCConfigurationList;
			buildConfigurations = (
				6CD1D49D2DAAF40E00913D5D /* Debug */,
				6CD1D49E2DAAF40E00913D5D /* Release */,
			);
			defaultConfigurationIsVisible = 0;
			defaultConfigurationName = Release;
		};
		6CD1D49F2DAAF40E00913D5D /* Build configuration list for PBXNativeTarget "closet" */ = {
			isa = XCConfigurationList;
			buildConfigurations = (
				6CD1D4A02DAAF40E00913D5D /* Debug */,
				6CD1D4A12DAAF40E00913D5D /* Release */,
			);
			defaultConfigurationIsVisible = 0;
			defaultConfigurationName = Release;
		};
		6CD1D4A22DAAF40E00913D5D /* Build configuration list for PBXNativeTarget "closetTests" */ = {
			isa = XCConfigurationList;
			buildConfigurations = (
				6CD1D4A32DAAF40E00913D5D /* Debug */,
				6CD1D4A42DAAF40E00913D5D /* Release */,
			);
			defaultConfigurationIsVisible = 0;
			defaultConfigurationName = Release;
		};
		6CD1D4A52DAAF40E00913D5D /* Build configuration list for PBXNativeTarget "closetUITests" */ = {
			isa = XCConfigurationList;
			buildConfigurations = (
				6CD1D4A62DAAF40E00913D5D /* Debug */,
				6CD1D4A72DAAF40E00913D5D /* Release */,
			);
			defaultConfigurationIsVisible = 0;
			defaultConfigurationName = Release;
		};
/* End XCConfigurationList section */

/* Begin XCRemoteSwiftPackageReference section */
		6C18C8D72F148FC800F076FD /* XCRemoteSwiftPackageReference "SwiftSoup" */ = {
			isa = XCRemoteSwiftPackageReference;
			repositoryURL = "https://github.com/scinfu/SwiftSoup.git";
			requirement = {
				kind = upToNextMajorVersion;
				minimumVersion = 2.11.3;
			};
		};
		6C88E2312F3ADF0A00A8D6E2 /* XCRemoteSwiftPackageReference "supabase-swift" */ = {
			isa = XCRemoteSwiftPackageReference;
			repositoryURL = "https://github.com/supabase/supabase-swift";
			requirement = {
				kind = upToNextMajorVersion;
				minimumVersion = 2.5.1;
			};
		};
/* End XCRemoteSwiftPackageReference section */

/* Begin XCSwiftPackageProductDependency section */
		6C18C8D82F148FC800F076FD /* SwiftSoup */ = {
			isa = XCSwiftPackageProductDependency;
			package = 6C18C8D72F148FC800F076FD /* XCRemoteSwiftPackageReference "SwiftSoup" */;
			productName = SwiftSoup;
		};
		6C88E2322F3ADF0A00A8D6E2 /* Auth */ = {
			isa = XCSwiftPackageProductDependency;
			package = 6C88E2312F3ADF0A00A8D6E2 /* XCRemoteSwiftPackageReference "supabase-swift" */;
			productName = Auth;
		};
		6C88E2342F3ADF0A00A8D6E2 /* PostgREST */ = {
			isa = XCSwiftPackageProductDependency;
			package = 6C88E2312F3ADF0A00A8D6E2 /* XCRemoteSwiftPackageReference "supabase-swift" */;
			productName = PostgREST;
		};
		6C88E23C2F3AE48700A8D6E2 /* Supabase */ = {
			isa = XCSwiftPackageProductDependency;
			package = 6C88E2312F3ADF0A00A8D6E2 /* XCRemoteSwiftPackageReference "supabase-swift" */;
			productName = Supabase;
		};
		6C88E23E2F3AE90C00A8D6E2 /* Supabase */ = {
			isa = XCSwiftPackageProductDependency;
			package = 6C88E2312F3ADF0A00A8D6E2 /* XCRemoteSwiftPackageReference "supabase-swift" */;
			productName = Supabase;
		};
		6CF573302F1499A200C2E4AC /* SwiftSoup */ = {
			isa = XCSwiftPackageProductDependency;
			package = 6C18C8D72F148FC800F076FD /* XCRemoteSwiftPackageReference "SwiftSoup" */;
			productName = SwiftSoup;
		};
/* End XCSwiftPackageProductDependency section */
	};
	rootObject = 6CD1D46D2DAAF40C00913D5D /* Project object */;
}
